
Microsoft Visual Studio Solution File, Format Version 12.00
# Visual Studio Version 16
VisualStudioVersion = 16.0.32510.428
MinimumVisualStudioVersion = 10.0.40219.1
Project("{9A19103F-16F7-4668-BE54-9A1E7A4F7556}") = "ClassMetotDemo", "Homework2\ClassMetotDemo.csproj", "{02E35D4C-4F89-4CAE-B522-7A563A444A70}"
EndProject
Global
	GlobalSection(SolutionConfigurationPlatforms) = preSolution
		Debug|Any CPU = Debug|Any CPU
		Release|Any CPU = Release|Any CPU
	EndGlobalSection
	GlobalSection(ProjectConfigurationPlatforms) = postSolution
		{02E35D4C-4F89-4CAE-B522-7A563A444A70}.Debug|Any CPU.ActiveCfg = Debug|Any CPU
		{02E35D4C-4F89-4CAE-B522-7A563A444A70}.Debug|Any CPU.Build.0 = Debug|Any CPU
		{02E35D4C-4F89-4CAE-B522-7A563A444A70}.Release|Any CPU.ActiveCfg = Release|Any CPU
		{02E35D4C-4F89-4CAE-B522-7A563A444A70}.Release|Any CPU.Build.0 = Release|Any CPU
	EndGlobalSection
	GlobalSection(SolutionProperties) = preSolution
		HideSolutionNode = FALSE
	EndGlobalSection
	GlobalSection(ExtensibilityGlobals) = postSolution
		SolutionGuid = {42A8783A-C029-468D-9FA0-7E5982008398}
	EndGlobalSection
EndGlobal
